
Microsoft Visual Studio Solution File, Format Version 12.00
# Visual Studio 15
VisualStudioVersion = 15.0.26730.12
MinimumVisualStudioVersion = 10.0.40219.1
Project("{9A19103F-16F7-4668-BE54-9A1E7A4F7556}") = "ClassroomSailor.API", "ClassroomSailor.API\ClassroomSailor.API.csproj", "{8C36E272-77FE-4362-B602-D1F713339269}"
EndProject
Project("{9A19103F-16F7-4668-BE54-9A1E7A4F7556}") = "ClassroomSailor.Entities", "ClassroomSailor.Entities\ClassroomSailor.Entities.csproj", "{3BA20896-18FC-43E9-958E-51ED2D2FD04A}"
EndProject
Project("{9A19103F-16F7-4668-BE54-9A1E7A4F7556}") = "ClassroomSailor.DAL", "ClassroomSailor.DAL\ClassroomSailor.DAL.csproj", "{E3F71E6B-BD4A-44AB-B635-7F5B73422996}"
EndProject
Project("{9A19103F-16F7-4668-BE54-9A1E7A4F7556}") = "ClassroomSailor.API.Models", "ClassroomSailor.API.Models\ClassroomSailor.API.Models.csproj", "{F7AE3473-D80A-40A9-B695-D9FB774A1F11}"
EndProject
Project("{FAE04EC0-301F-11D3-BF4B-00C04F79EFBC}") = "ClassroomSailor.Services", "ClassroomSailor.Services\ClassroomSailor.Services.csproj", "{07A33469-4D63-4CA4-BF14-3D71EBA81B55}"
EndProject
Project("{FAE04EC0-301F-11D3-BF4B-00C04F79EFBC}") = "ClassroomSailor.Repositories", "ClassroomSailor.Repositories\ClassroomSailor.Repositories.csproj", "{2613FB51-E954-49A9-B907-5AE9DF7C4B0A}"
EndProject
Global
	GlobalSection(SolutionConfigurationPlatforms) = preSolution
		Debug|Any CPU = Debug|Any CPU
		Release|Any CPU = Release|Any CPU
	EndGlobalSection
	GlobalSection(ProjectConfigurationPlatforms) = postSolution
		{8C36E272-77FE-4362-B602-D1F713339269}.Debug|Any CPU.ActiveCfg = Debug|Any CPU
		{8C36E272-77FE-4362-B602-D1F713339269}.Debug|Any CPU.Build.0 = Debug|Any CPU
		{8C36E272-77FE-4362-B602-D1F713339269}.Release|Any CPU.ActiveCfg = Release|Any CPU
		{8C36E272-77FE-4362-B602-D1F713339269}.Release|Any CPU.Build.0 = Release|Any CPU
		{3BA20896-18FC-43E9-958E-51ED2D2FD04A}.Debug|Any CPU.ActiveCfg = Debug|Any CPU
		{3BA20896-18FC-43E9-958E-51ED2D2FD04A}.Debug|Any CPU.Build.0 = Debug|Any CPU
		{3BA20896-18FC-43E9-958E-51ED2D2FD04A}.Release|Any CPU.ActiveCfg = Release|Any CPU
		{3BA20896-18FC-43E9-958E-51ED2D2FD04A}.Release|Any CPU.Build.0 = Release|Any CPU
		{E3F71E6B-BD4A-44AB-B635-7F5B73422996}.Debug|Any CPU.ActiveCfg = Debug|Any CPU
		{E3F71E6B-BD4A-44AB-B635-7F5B73422996}.Debug|Any CPU.Build.0 = Debug|Any CPU
		{E3F71E6B-BD4A-44AB-B635-7F5B73422996}.Release|Any CPU.ActiveCfg = Release|Any CPU
		{E3F71E6B-BD4A-44AB-B635-7F5B73422996}.Release|Any CPU.Build.0 = Release|Any CPU
		{F7AE3473-D80A-40A9-B695-D9FB774A1F11}.Debug|Any CPU.ActiveCfg = Debug|Any CPU
		{F7AE3473-D80A-40A9-B695-D9FB774A1F11}.Debug|Any CPU.Build.0 = Debug|Any CPU
		{F7AE3473-D80A-40A9-B695-D9FB774A1F11}.Release|Any CPU.ActiveCfg = Release|Any CPU
		{F7AE3473-D80A-40A9-B695-D9FB774A1F11}.Release|Any CPU.Build.0 = Release|Any CPU
		{07A33469-4D63-4CA4-BF14-3D71EBA81B55}.Debug|Any CPU.ActiveCfg = Debug|Any CPU
		{07A33469-4D63-4CA4-BF14-3D71EBA81B55}.Debug|Any CPU.Build.0 = Debug|Any CPU
		{07A33469-4D63-4CA4-BF14-3D71EBA81B55}.Release|Any CPU.ActiveCfg = Release|Any CPU
		{07A33469-4D63-4CA4-BF14-3D71EBA81B55}.Release|Any CPU.Build.0 = Release|Any CPU
		{2613FB51-E954-49A9-B907-5AE9DF7C4B0A}.Debug|Any CPU.ActiveCfg = Debug|Any CPU
		{2613FB51-E954-49A9-B907-5AE9DF7C4B0A}.Debug|Any CPU.Build.0 = Debug|Any CPU
		{2613FB51-E954-49A9-B907-5AE9DF7C4B0A}.Release|Any CPU.ActiveCfg = Release|Any CPU
		{2613FB51-E954-49A9-B907-5AE9DF7C4B0A}.Release|Any CPU.Build.0 = Release|Any CPU
	EndGlobalSection
	GlobalSection(SolutionProperties) = preSolution
		HideSolutionNode = FALSE
	EndGlobalSection
	GlobalSection(ExtensibilityGlobals) = postSolution
		SolutionGuid = {F7DCDFFC-DDE0-45DF-BE67-4F7D724FC2BC}
	EndGlobalSection
EndGlobal
